
Microsoft Visual Studio Solution File, Format Version 12.00
# Visual Studio Version 17
VisualStudioVersion = 17.7.34221.43
MinimumVisualStudioVersion = 10.0.40219.1
Project("{FAE04EC0-301F-11D3-BF4B-00C04F79EFBC}") = "ShopOnline", "ShopOnline\ShopOnline.csproj", "{80ACA815-7F62-49FA-B17A-659B956B166B}"
EndProject
Global
	GlobalSection(SolutionConfigurationPlatforms) = preSolution
		Debug|Any CPU = Debug|Any CPU
		Release|Any CPU = Release|Any CPU
	EndGlobalSection
	GlobalSection(ProjectConfigurationPlatforms) = postSolution
		{80ACA815-7F62-49FA-B17A-659B956B166B}.Debug|Any CPU.ActiveCfg = Debug|Any CPU
		{80ACA815-7F62-49FA-B17A-659B956B166B}.Debug|Any CPU.Build.0 = Debug|Any CPU
		{80ACA815-7F62-49FA-B17A-659B956B166B}.Release|Any CPU.ActiveCfg = Release|Any CPU
		{80ACA815-7F62-49FA-B17A-659B956B166B}.Release|Any CPU.Build.0 = Release|Any CPU
	EndGlobalSection
	GlobalSection(SolutionProperties) = preSolution
		HideSolutionNode = FALSE
	EndGlobalSection
	GlobalSection(ExtensibilityGlobals) = postSolution
		SolutionGuid = {4E65E7CD-F380-4BBF-A510-7DCFDCD647AD}
	EndGlobalSection
EndGlobal
